{
  "name": "magi",
  "lockfileVersion": 2,
  "requires": true,
  "packages": {
    "": {
      "devDependencies": {
        "@cloudflare/workers-types": "^3.10.0"
      }
    },
    "node_modules/@cloudflare/workers-types": {
      "version": "3.10.0",
      "resolved": "https://registry.npmjs.org/@cloudflare/workers-types/-/workers-types-3.10.0.tgz",
      "integrity": "sha512-gn+H5Ps9yV1VYz8FJ08bMfXLW8ubNblRF9Z+m+0ctNMyl3CdoZmUfH1pMTxYE8SMUJbLxuNvpdlZhwLDoGFXaw==",
      "dev": true
    }
  },
  "dependencies": {
    "@cloudflare/workers-types": {
      "version": "3.10.0",
      "resolved": "https://registry.npmjs.org/@cloudflare/workers-types/-/workers-types-3.10.0.tgz",
      "integrity": "sha512-gn+H5Ps9yV1VYz8FJ08bMfXLW8ubNblRF9Z+m+0ctNMyl3CdoZmUfH1pMTxYE8SMUJbLxuNvpdlZhwLDoGFXaw==",
      "dev": true
    }
  }
}
